
Microsoft Visual Studio Solution File, Format Version 12.00
# Visual Studio Version 16
VisualStudioVersion = 16.0.33027.164
MinimumVisualStudioVersion = 10.0.40219.1
Project("{FAE04EC0-301F-11D3-BF4B-00C04F79EFBC}") = "DrawingModel", "DrawingModel\DrawingModel.csproj", "{F53400C3-C83D-484B-A9A9-9862B36BA229}"
EndProject
Project("{FAE04EC0-301F-11D3-BF4B-00C04F79EFBC}") = "DrawingModelTests", "DrawingModelTests\DrawingModelTests.csproj", "{DE21294F-7D86-4F2B-A8E0-8B5003F3E73F}"
EndProject
Global
	GlobalSection(SolutionConfigurationPlatforms) = preSolution
		Debug|Any CPU = Debug|Any CPU
		Release|Any CPU = Release|Any CPU
	EndGlobalSection
	GlobalSection(ProjectConfigurationPlatforms) = postSolution
		{F53400C3-C83D-484B-A9A9-9862B36BA229}.Debug|Any CPU.ActiveCfg = Debug|Any CPU
		{F53400C3-C83D-484B-A9A9-9862B36BA229}.Debug|Any CPU.Build.0 = Debug|Any CPU
		{F53400C3-C83D-484B-A9A9-9862B36BA229}.Release|Any CPU.ActiveCfg = Release|Any CPU
		{F53400C3-C83D-484B-A9A9-9862B36BA229}.Release|Any CPU.Build.0 = Release|Any CPU
		{DE21294F-7D86-4F2B-A8E0-8B5003F3E73F}.Debug|Any CPU.ActiveCfg = Debug|Any CPU
		{DE21294F-7D86-4F2B-A8E0-8B5003F3E73F}.Debug|Any CPU.Build.0 = Debug|Any CPU
		{DE21294F-7D86-4F2B-A8E0-8B5003F3E73F}.Release|Any CPU.ActiveCfg = Release|Any CPU
		{DE21294F-7D86-4F2B-A8E0-8B5003F3E73F}.Release|Any CPU.Build.0 = Release|Any CPU
	EndGlobalSection
	GlobalSection(SolutionProperties) = preSolution
		HideSolutionNode = FALSE
	EndGlobalSection
	GlobalSection(ExtensibilityGlobals) = postSolution
		SolutionGuid = {C1D597D8-115A-4297-9FCE-D3342BD29B51}
	EndGlobalSection
EndGlobal
