
Microsoft Visual Studio Solution File, Format Version 12.00
# Visual Studio Version 16
VisualStudioVersion = 16.0.32901.82
MinimumVisualStudioVersion = 10.0.40219.1
Project("{FAE04EC0-301F-11D3-BF4B-00C04F79EFBC}") = "DrawingForm", "DrawingForm\DrawingForm.csproj", "{076A0A2E-9C74-4805-AE6D-96492CFA6E61}"
EndProject
Project("{9A19103F-16F7-4668-BE54-9A1E7A4F7556}") = "ClassLibrary", "ClassLibrary\ClassLibrary.csproj", "{3AEFC785-F2CB-4885-9D1C-E4527B1ED752}"
EndProject
Project("{9A19103F-16F7-4668-BE54-9A1E7A4F7556}") = "ClassLibraryTests", "ClassLibraryTests\ClassLibraryTests.csproj", "{77E4A121-AF58-4A4C-92C4-36EE1872768B}"
EndProject
Project("{FAE04EC0-301F-11D3-BF4B-00C04F79EFBC}") = "DrawingApp", "DrawingApp\DrawingApp.csproj", "{DCC991B9-FF7B-4DB4-80AB-382DBB7FEC34}"
EndProject
Project("{FAE04EC0-301F-11D3-BF4B-00C04F79EFBC}") = "DrawingFormTests", "DrawingFormTests\DrawingFormTests.csproj", "{90E19E0F-2BA0-4701-A45C-41D974B6BD55}"
EndProject
Project("{FAE04EC0-301F-11D3-BF4B-00C04F79EFBC}") = "AppTests", "AppTests\AppTests.csproj", "{2B199C45-6F90-439B-A687-0A648598767B}"
EndProject
Global
	GlobalSection(SolutionConfigurationPlatforms) = preSolution
		Debug|Any CPU = Debug|Any CPU
		Debug|ARM = Debug|ARM
		Debug|ARM64 = Debug|ARM64
		Debug|x64 = Debug|x64
		Debug|x86 = Debug|x86
		Release|Any CPU = Release|Any CPU
		Release|ARM = Release|ARM
		Release|ARM64 = Release|ARM64
		Release|x64 = Release|x64
		Release|x86 = Release|x86
	EndGlobalSection
	GlobalSection(ProjectConfigurationPlatforms) = postSolution
		{076A0A2E-9C74-4805-AE6D-96492CFA6E61}.Debug|Any CPU.ActiveCfg = Debug|Any CPU
		{076A0A2E-9C74-4805-AE6D-96492CFA6E61}.Debug|Any CPU.Build.0 = Debug|Any CPU
		{076A0A2E-9C74-4805-AE6D-96492CFA6E61}.Debug|ARM.ActiveCfg = Debug|Any CPU
		{076A0A2E-9C74-4805-AE6D-96492CFA6E61}.Debug|ARM.Build.0 = Debug|Any CPU
		{076A0A2E-9C74-4805-AE6D-96492CFA6E61}.Debug|ARM64.ActiveCfg = Debug|Any CPU
		{076A0A2E-9C74-4805-AE6D-96492CFA6E61}.Debug|ARM64.Build.0 = Debug|Any CPU
		{076A0A2E-9C74-4805-AE6D-96492CFA6E61}.Debug|x64.ActiveCfg = Debug|Any CPU
		{076A0A2E-9C74-4805-AE6D-96492CFA6E61}.Debug|x64.Build.0 = Debug|Any CPU
		{076A0A2E-9C74-4805-AE6D-96492CFA6E61}.Debug|x86.ActiveCfg = Debug|Any CPU
		{076A0A2E-9C74-4805-AE6D-96492CFA6E61}.Debug|x86.Build.0 = Debug|Any CPU
		{076A0A2E-9C74-4805-AE6D-96492CFA6E61}.Release|Any CPU.ActiveCfg = Release|Any CPU
		{076A0A2E-9C74-4805-AE6D-96492CFA6E61}.Release|Any CPU.Build.0 = Release|Any CPU
		{076A0A2E-9C74-4805-AE6D-96492CFA6E61}.Release|ARM.ActiveCfg = Release|Any CPU
		{076A0A2E-9C74-4805-AE6D-96492CFA6E61}.Release|ARM.Build.0 = Release|Any CPU
		{076A0A2E-9C74-4805-AE6D-96492CFA6E61}.Release|ARM64.ActiveCfg = Release|Any CPU
		{076A0A2E-9C74-4805-AE6D-96492CFA6E61}.Release|ARM64.Build.0 = Release|Any CPU
		{076A0A2E-9C74-4805-AE6D-96492CFA6E61}.Release|x64.ActiveCfg = Release|Any CPU
		{076A0A2E-9C74-4805-AE6D-96492CFA6E61}.Release|x64.Build.0 = Release|Any CPU
		{076A0A2E-9C74-4805-AE6D-96492CFA6E61}.Release|x86.ActiveCfg = Release|Any CPU
		{076A0A2E-9C74-4805-AE6D-96492CFA6E61}.Release|x86.Build.0 = Release|Any CPU
		{3AEFC785-F2CB-4885-9D1C-E4527B1ED752}.Debug|Any CPU.ActiveCfg = Debug|Any CPU
		{3AEFC785-F2CB-4885-9D1C-E4527B1ED752}.Debug|Any CPU.Build.0 = Debug|Any CPU
		{3AEFC785-F2CB-4885-9D1C-E4527B1ED752}.Debug|ARM.ActiveCfg = Debug|Any CPU
		{3AEFC785-F2CB-4885-9D1C-E4527B1ED752}.Debug|ARM.Build.0 = Debug|Any CPU
		{3AEFC785-F2CB-4885-9D1C-E4527B1ED752}.Debug|ARM64.ActiveCfg = Debug|Any CPU
		{3AEFC785-F2CB-4885-9D1C-E4527B1ED752}.Debug|ARM64.Build.0 = Debug|Any CPU
		{3AEFC785-F2CB-4885-9D1C-E4527B1ED752}.Debug|x64.ActiveCfg = Debug|Any CPU
		{3AEFC785-F2CB-4885-9D1C-E4527B1ED752}.Debug|x64.Build.0 = Debug|Any CPU
		{3AEFC785-F2CB-4885-9D1C-E4527B1ED752}.Debug|x86.ActiveCfg = Debug|Any CPU
		{3AEFC785-F2CB-4885-9D1C-E4527B1ED752}.Debug|x86.Build.0 = Debug|Any CPU
		{3AEFC785-F2CB-4885-9D1C-E4527B1ED752}.Release|Any CPU.ActiveCfg = Release|Any CPU
		{3AEFC785-F2CB-4885-9D1C-E4527B1ED752}.Release|Any CPU.Build.0 = Release|Any CPU
		{3AEFC785-F2CB-4885-9D1C-E4527B1ED752}.Release|ARM.ActiveCfg = Release|Any CPU
		{3AEFC785-F2CB-4885-9D1C-E4527B1ED752}.Release|ARM.Build.0 = Release|Any CPU
		{3AEFC785-F2CB-4885-9D1C-E4527B1ED752}.Release|ARM64.ActiveCfg = Release|Any CPU
		{3AEFC785-F2CB-4885-9D1C-E4527B1ED752}.Release|ARM64.Build.0 = Release|Any CPU
		{3AEFC785-F2CB-4885-9D1C-E4527B1ED752}.Release|x64.ActiveCfg = Release|Any CPU
		{3AEFC785-F2CB-4885-9D1C-E4527B1ED752}.Release|x64.Build.0 = Release|Any CPU
		{3AEFC785-F2CB-4885-9D1C-E4527B1ED752}.Release|x86.ActiveCfg = Release|Any CPU
		{3AEFC785-F2CB-4885-9D1C-E4527B1ED752}.Release|x86.Build.0 = Release|Any CPU
		{77E4A121-AF58-4A4C-92C4-36EE1872768B}.Debug|Any CPU.ActiveCfg = Debug|Any CPU
		{77E4A121-AF58-4A4C-92C4-36EE1872768B}.Debug|Any CPU.Build.0 = Debug|Any CPU
		{77E4A121-AF58-4A4C-92C4-36EE1872768B}.Debug|ARM.ActiveCfg = Debug|Any CPU
		{77E4A121-AF58-4A4C-92C4-36EE1872768B}.Debug|ARM.Build.0 = Debug|Any CPU
		{77E4A121-AF58-4A4C-92C4-36EE1872768B}.Debug|ARM64.ActiveCfg = Debug|Any CPU
		{77E4A121-AF58-4A4C-92C4-36EE1872768B}.Debug|ARM64.Build.0 = Debug|Any CPU
		{77E4A121-AF58-4A4C-92C4-36EE1872768B}.Debug|x64.ActiveCfg = Debug|Any CPU
		{77E4A121-AF58-4A4C-92C4-36EE1872768B}.Debug|x64.Build.0 = Debug|Any CPU
		{77E4A121-AF58-4A4C-92C4-36EE1872768B}.Debug|x86.ActiveCfg = Debug|Any CPU
		{77E4A121-AF58-4A4C-92C4-36EE1872768B}.Debug|x86.Build.0 = Debug|Any CPU
		{77E4A121-AF58-4A4C-92C4-36EE1872768B}.Release|Any CPU.ActiveCfg = Release|Any CPU
		{77E4A121-AF58-4A4C-92C4-36EE1872768B}.Release|Any CPU.Build.0 = Release|Any CPU
		{77E4A121-AF58-4A4C-92C4-36EE1872768B}.Release|ARM.ActiveCfg = Release|Any CPU
		{77E4A121-AF58-4A4C-92C4-36EE1872768B}.Release|ARM.Build.0 = Release|Any CPU
		{77E4A121-AF58-4A4C-92C4-36EE1872768B}.Release|ARM64.ActiveCfg = Release|Any CPU
		{77E4A121-AF58-4A4C-92C4-36EE1872768B}.Release|ARM64.Build.0 = Release|Any CPU
		{77E4A121-AF58-4A4C-92C4-36EE1872768B}.Release|x64.ActiveCfg = Release|Any CPU
		{77E4A121-AF58-4A4C-92C4-36EE1872768B}.Release|x64.Build.0 = Release|Any CPU
		{77E4A121-AF58-4A4C-92C4-36EE1872768B}.Release|x86.ActiveCfg = Release|Any CPU
		{77E4A121-AF58-4A4C-92C4-36EE1872768B}.Release|x86.Build.0 = Release|Any CPU
		{DCC991B9-FF7B-4DB4-80AB-382DBB7FEC34}.Debug|Any CPU.ActiveCfg = Debug|x86
		{DCC991B9-FF7B-4DB4-80AB-382DBB7FEC34}.Debug|ARM.ActiveCfg = Debug|ARM
		{DCC991B9-FF7B-4DB4-80AB-382DBB7FEC34}.Debug|ARM.Build.0 = Debug|ARM
		{DCC991B9-FF7B-4DB4-80AB-382DBB7FEC34}.Debug|ARM.Deploy.0 = Debug|ARM
		{DCC991B9-FF7B-4DB4-80AB-382DBB7FEC34}.Debug|ARM64.ActiveCfg = Debug|ARM64
		{DCC991B9-FF7B-4DB4-80AB-382DBB7FEC34}.Debug|ARM64.Build.0 = Debug|ARM64
		{DCC991B9-FF7B-4DB4-80AB-382DBB7FEC34}.Debug|ARM64.Deploy.0 = Debug|ARM64
		{DCC991B9-FF7B-4DB4-80AB-382DBB7FEC34}.Debug|x64.ActiveCfg = Debug|x64
		{DCC991B9-FF7B-4DB4-80AB-382DBB7FEC34}.Debug|x64.Build.0 = Debug|x64
		{DCC991B9-FF7B-4DB4-80AB-382DBB7FEC34}.Debug|x64.Deploy.0 = Debug|x64
		{DCC991B9-FF7B-4DB4-80AB-382DBB7FEC34}.Debug|x86.ActiveCfg = Debug|x86
		{DCC991B9-FF7B-4DB4-80AB-382DBB7FEC34}.Debug|x86.Build.0 = Debug|x86
		{DCC991B9-FF7B-4DB4-80AB-382DBB7FEC34}.Debug|x86.Deploy.0 = Debug|x86
		{DCC991B9-FF7B-4DB4-80AB-382DBB7FEC34}.Release|Any CPU.ActiveCfg = Release|x86
		{DCC991B9-FF7B-4DB4-80AB-382DBB7FEC34}.Release|ARM.ActiveCfg = Release|ARM
		{DCC991B9-FF7B-4DB4-80AB-382DBB7FEC34}.Release|ARM.Build.0 = Release|ARM
		{DCC991B9-FF7B-4DB4-80AB-382DBB7FEC34}.Release|ARM.Deploy.0 = Release|ARM
		{DCC991B9-FF7B-4DB4-80AB-382DBB7FEC34}.Release|ARM64.ActiveCfg = Release|ARM64
		{DCC991B9-FF7B-4DB4-80AB-382DBB7FEC34}.Release|ARM64.Build.0 = Release|ARM64
		{DCC991B9-FF7B-4DB4-80AB-382DBB7FEC34}.Release|ARM64.Deploy.0 = Release|ARM64
		{DCC991B9-FF7B-4DB4-80AB-382DBB7FEC34}.Release|x64.ActiveCfg = Release|x64
		{DCC991B9-FF7B-4DB4-80AB-382DBB7FEC34}.Release|x64.Build.0 = Release|x64
		{DCC991B9-FF7B-4DB4-80AB-382DBB7FEC34}.Release|x64.Deploy.0 = Release|x64
		{DCC991B9-FF7B-4DB4-80AB-382DBB7FEC34}.Release|x86.ActiveCfg = Release|x86
		{DCC991B9-FF7B-4DB4-80AB-382DBB7FEC34}.Release|x86.Build.0 = Release|x86
		{DCC991B9-FF7B-4DB4-80AB-382DBB7FEC34}.Release|x86.Deploy.0 = Release|x86
		{90E19E0F-2BA0-4701-A45C-41D974B6BD55}.Debug|Any CPU.ActiveCfg = Debug|Any CPU
		{90E19E0F-2BA0-4701-A45C-41D974B6BD55}.Debug|Any CPU.Build.0 = Debug|Any CPU
		{90E19E0F-2BA0-4701-A45C-41D974B6BD55}.Debug|ARM.ActiveCfg = Debug|Any CPU
		{90E19E0F-2BA0-4701-A45C-41D974B6BD55}.Debug|ARM.Build.0 = Debug|Any CPU
		{90E19E0F-2BA0-4701-A45C-41D974B6BD55}.Debug|ARM64.ActiveCfg = Debug|Any CPU
		{90E19E0F-2BA0-4701-A45C-41D974B6BD55}.Debug|ARM64.Build.0 = Debug|Any CPU
		{90E19E0F-2BA0-4701-A45C-41D974B6BD55}.Debug|x64.ActiveCfg = Debug|Any CPU
		{90E19E0F-2BA0-4701-A45C-41D974B6BD55}.Debug|x64.Build.0 = Debug|Any CPU
		{90E19E0F-2BA0-4701-A45C-41D974B6BD55}.Debug|x86.ActiveCfg = Debug|Any CPU
		{90E19E0F-2BA0-4701-A45C-41D974B6BD55}.Debug|x86.Build.0 = Debug|Any CPU
		{90E19E0F-2BA0-4701-A45C-41D974B6BD55}.Release|Any CPU.ActiveCfg = Release|Any CPU
		{90E19E0F-2BA0-4701-A45C-41D974B6BD55}.Release|Any CPU.Build.0 = Release|Any CPU
		{90E19E0F-2BA0-4701-A45C-41D974B6BD55}.Release|ARM.ActiveCfg = Release|Any CPU
		{90E19E0F-2BA0-4701-A45C-41D974B6BD55}.Release|ARM.Build.0 = Release|Any CPU
		{90E19E0F-2BA0-4701-A45C-41D974B6BD55}.Release|ARM64.ActiveCfg = Release|Any CPU
		{90E19E0F-2BA0-4701-A45C-41D974B6BD55}.Release|ARM64.Build.0 = Release|Any CPU
		{90E19E0F-2BA0-4701-A45C-41D974B6BD55}.Release|x64.ActiveCfg = Release|Any CPU
		{90E19E0F-2BA0-4701-A45C-41D974B6BD55}.Release|x64.Build.0 = Release|Any CPU
		{90E19E0F-2BA0-4701-A45C-41D974B6BD55}.Release|x86.ActiveCfg = Release|Any CPU
		{90E19E0F-2BA0-4701-A45C-41D974B6BD55}.Release|x86.Build.0 = Release|Any CPU
		{2B199C45-6F90-439B-A687-0A648598767B}.Debug|Any CPU.ActiveCfg = Debug|x86
		{2B199C45-6F90-439B-A687-0A648598767B}.Debug|ARM.ActiveCfg = Debug|ARM
		{2B199C45-6F90-439B-A687-0A648598767B}.Debug|ARM.Build.0 = Debug|ARM
		{2B199C45-6F90-439B-A687-0A648598767B}.Debug|ARM.Deploy.0 = Debug|ARM
		{2B199C45-6F90-439B-A687-0A648598767B}.Debug|ARM64.ActiveCfg = Debug|ARM64
		{2B199C45-6F90-439B-A687-0A648598767B}.Debug|ARM64.Build.0 = Debug|ARM64
		{2B199C45-6F90-439B-A687-0A648598767B}.Debug|ARM64.Deploy.0 = Debug|ARM64
		{2B199C45-6F90-439B-A687-0A648598767B}.Debug|x64.ActiveCfg = Debug|x64
		{2B199C45-6F90-439B-A687-0A648598767B}.Debug|x64.Build.0 = Debug|x64
		{2B199C45-6F90-439B-A687-0A648598767B}.Debug|x64.Deploy.0 = Debug|x64
		{2B199C45-6F90-439B-A687-0A648598767B}.Debug|x86.ActiveCfg = Debug|x86
		{2B199C45-6F90-439B-A687-0A648598767B}.Debug|x86.Build.0 = Debug|x86
		{2B199C45-6F90-439B-A687-0A648598767B}.Debug|x86.Deploy.0 = Debug|x86
		{2B199C45-6F90-439B-A687-0A648598767B}.Release|Any CPU.ActiveCfg = Release|x86
		{2B199C45-6F90-439B-A687-0A648598767B}.Release|ARM.ActiveCfg = Release|ARM
		{2B199C45-6F90-439B-A687-0A648598767B}.Release|ARM.Build.0 = Release|ARM
		{2B199C45-6F90-439B-A687-0A648598767B}.Release|ARM.Deploy.0 = Release|ARM
		{2B199C45-6F90-439B-A687-0A648598767B}.Release|ARM64.ActiveCfg = Release|ARM64
		{2B199C45-6F90-439B-A687-0A648598767B}.Release|ARM64.Build.0 = Release|ARM64
		{2B199C45-6F90-439B-A687-0A648598767B}.Release|ARM64.Deploy.0 = Release|ARM64
		{2B199C45-6F90-439B-A687-0A648598767B}.Release|x64.ActiveCfg = Release|x64
		{2B199C45-6F90-439B-A687-0A648598767B}.Release|x64.Build.0 = Release|x64
		{2B199C45-6F90-439B-A687-0A648598767B}.Release|x64.Deploy.0 = Release|x64
		{2B199C45-6F90-439B-A687-0A648598767B}.Release|x86.ActiveCfg = Release|x86
		{2B199C45-6F90-439B-A687-0A648598767B}.Release|x86.Build.0 = Release|x86
		{2B199C45-6F90-439B-A687-0A648598767B}.Release|x86.Deploy.0 = Release|x86
	EndGlobalSection
	GlobalSection(SolutionProperties) = preSolution
		HideSolutionNode = FALSE
	EndGlobalSection
	GlobalSection(ExtensibilityGlobals) = postSolution
		SolutionGuid = {5C8EB7B1-5FC8-4960-99AC-63178E5FC731}
	EndGlobalSection
EndGlobal
