
Microsoft Visual Studio Solution File, Format Version 12.00
# Visual Studio Version 16
VisualStudioVersion = 16.0.32901.82
MinimumVisualStudioVersion = 10.0.40219.1
Project("{FAE04EC0-301F-11D3-BF4B-00C04F79EFBC}") = "DrawingForm", "DrawingForm\DrawingForm.csproj", "{076A0A2E-9C74-4805-AE6D-96492CFA6E61}"
EndProject
Project("{9A19103F-16F7-4668-BE54-9A1E7A4F7556}") = "ClassLibrary", "..\ClassLibrary\ClassLibrary\ClassLibrary.csproj", "{C53DBC14-963A-41B1-85C3-6319C785B04A}"
EndProject
Project("{FAE04EC0-301F-11D3-BF4B-00C04F79EFBC}") = "DrawingApp", "..\DrawingApp\DrawingApp\DrawingApp.csproj", "{DCC991B9-FF7B-4DB4-80AB-382DBB7FEC34}"
EndProject
Project("{FAE04EC0-301F-11D3-BF4B-00C04F79EFBC}") = "ClassLibraryTests", "..\ClassLibrary\ClassLibraryTests\ClassLibraryTests.csproj", "{46816D66-B2F5-4ED3-9D11-8FE6F65EEA22}"
EndProject
Global
	GlobalSection(SolutionConfigurationPlatforms) = preSolution
		Debug|Any CPU = Debug|Any CPU
		Debug|ARM = Debug|ARM
		Debug|ARM64 = Debug|ARM64
		Debug|x64 = Debug|x64
		Debug|x86 = Debug|x86
		Release|Any CPU = Release|Any CPU
		Release|ARM = Release|ARM
		Release|ARM64 = Release|ARM64
		Release|x64 = Release|x64
		Release|x86 = Release|x86
	EndGlobalSection
	GlobalSection(ProjectConfigurationPlatforms) = postSolution
		{076A0A2E-9C74-4805-AE6D-96492CFA6E61}.Debug|Any CPU.ActiveCfg = Debug|Any CPU
		{076A0A2E-9C74-4805-AE6D-96492CFA6E61}.Debug|Any CPU.Build.0 = Debug|Any CPU
		{076A0A2E-9C74-4805-AE6D-96492CFA6E61}.Debug|ARM.ActiveCfg = Debug|Any CPU
		{076A0A2E-9C74-4805-AE6D-96492CFA6E61}.Debug|ARM.Build.0 = Debug|Any CPU
		{076A0A2E-9C74-4805-AE6D-96492CFA6E61}.Debug|ARM64.ActiveCfg = Debug|Any CPU
		{076A0A2E-9C74-4805-AE6D-96492CFA6E61}.Debug|ARM64.Build.0 = Debug|Any CPU
		{076A0A2E-9C74-4805-AE6D-96492CFA6E61}.Debug|x64.ActiveCfg = Debug|Any CPU
		{076A0A2E-9C74-4805-AE6D-96492CFA6E61}.Debug|x64.Build.0 = Debug|Any CPU
		{076A0A2E-9C74-4805-AE6D-96492CFA6E61}.Debug|x86.ActiveCfg = Debug|Any CPU
		{076A0A2E-9C74-4805-AE6D-96492CFA6E61}.Debug|x86.Build.0 = Debug|Any CPU
		{076A0A2E-9C74-4805-AE6D-96492CFA6E61}.Release|Any CPU.ActiveCfg = Release|Any CPU
		{076A0A2E-9C74-4805-AE6D-96492CFA6E61}.Release|Any CPU.Build.0 = Release|Any CPU
		{076A0A2E-9C74-4805-AE6D-96492CFA6E61}.Release|ARM.ActiveCfg = Release|Any CPU
		{076A0A2E-9C74-4805-AE6D-96492CFA6E61}.Release|ARM.Build.0 = Release|Any CPU
		{076A0A2E-9C74-4805-AE6D-96492CFA6E61}.Release|ARM64.ActiveCfg = Release|Any CPU
		{076A0A2E-9C74-4805-AE6D-96492CFA6E61}.Release|ARM64.Build.0 = Release|Any CPU
		{076A0A2E-9C74-4805-AE6D-96492CFA6E61}.Release|x64.ActiveCfg = Release|Any CPU
		{076A0A2E-9C74-4805-AE6D-96492CFA6E61}.Release|x64.Build.0 = Release|Any CPU
		{076A0A2E-9C74-4805-AE6D-96492CFA6E61}.Release|x86.ActiveCfg = Release|Any CPU
		{076A0A2E-9C74-4805-AE6D-96492CFA6E61}.Release|x86.Build.0 = Release|Any CPU
		{C53DBC14-963A-41B1-85C3-6319C785B04A}.Debug|Any CPU.ActiveCfg = Debug|Any CPU
		{C53DBC14-963A-41B1-85C3-6319C785B04A}.Debug|Any CPU.Build.0 = Debug|Any CPU
		{C53DBC14-963A-41B1-85C3-6319C785B04A}.Debug|ARM.ActiveCfg = Debug|Any CPU
		{C53DBC14-963A-41B1-85C3-6319C785B04A}.Debug|ARM.Build.0 = Debug|Any CPU
		{C53DBC14-963A-41B1-85C3-6319C785B04A}.Debug|ARM64.ActiveCfg = Debug|Any CPU
		{C53DBC14-963A-41B1-85C3-6319C785B04A}.Debug|ARM64.Build.0 = Debug|Any CPU
		{C53DBC14-963A-41B1-85C3-6319C785B04A}.Debug|x64.ActiveCfg = Debug|Any CPU
		{C53DBC14-963A-41B1-85C3-6319C785B04A}.Debug|x64.Build.0 = Debug|Any CPU
		{C53DBC14-963A-41B1-85C3-6319C785B04A}.Debug|x86.ActiveCfg = Debug|Any CPU
		{C53DBC14-963A-41B1-85C3-6319C785B04A}.Debug|x86.Build.0 = Debug|Any CPU
		{C53DBC14-963A-41B1-85C3-6319C785B04A}.Release|Any CPU.ActiveCfg = Release|Any CPU
		{C53DBC14-963A-41B1-85C3-6319C785B04A}.Release|Any CPU.Build.0 = Release|Any CPU
		{C53DBC14-963A-41B1-85C3-6319C785B04A}.Release|ARM.ActiveCfg = Release|Any CPU
		{C53DBC14-963A-41B1-85C3-6319C785B04A}.Release|ARM.Build.0 = Release|Any CPU
		{C53DBC14-963A-41B1-85C3-6319C785B04A}.Release|ARM64.ActiveCfg = Release|Any CPU
		{C53DBC14-963A-41B1-85C3-6319C785B04A}.Release|ARM64.Build.0 = Release|Any CPU
		{C53DBC14-963A-41B1-85C3-6319C785B04A}.Release|x64.ActiveCfg = Release|Any CPU
		{C53DBC14-963A-41B1-85C3-6319C785B04A}.Release|x64.Build.0 = Release|Any CPU
		{C53DBC14-963A-41B1-85C3-6319C785B04A}.Release|x86.ActiveCfg = Release|Any CPU
		{C53DBC14-963A-41B1-85C3-6319C785B04A}.Release|x86.Build.0 = Release|Any CPU
		{DCC991B9-FF7B-4DB4-80AB-382DBB7FEC34}.Debug|Any CPU.ActiveCfg = Debug|x86
		{DCC991B9-FF7B-4DB4-80AB-382DBB7FEC34}.Debug|ARM.ActiveCfg = Debug|ARM
		{DCC991B9-FF7B-4DB4-80AB-382DBB7FEC34}.Debug|ARM.Build.0 = Debug|ARM
		{DCC991B9-FF7B-4DB4-80AB-382DBB7FEC34}.Debug|ARM.Deploy.0 = Debug|ARM
		{DCC991B9-FF7B-4DB4-80AB-382DBB7FEC34}.Debug|ARM64.ActiveCfg = Debug|ARM64
		{DCC991B9-FF7B-4DB4-80AB-382DBB7FEC34}.Debug|ARM64.Build.0 = Debug|ARM64
		{DCC991B9-FF7B-4DB4-80AB-382DBB7FEC34}.Debug|ARM64.Deploy.0 = Debug|ARM64
		{DCC991B9-FF7B-4DB4-80AB-382DBB7FEC34}.Debug|x64.ActiveCfg = Debug|x64
		{DCC991B9-FF7B-4DB4-80AB-382DBB7FEC34}.Debug|x64.Build.0 = Debug|x64
		{DCC991B9-FF7B-4DB4-80AB-382DBB7FEC34}.Debug|x64.Deploy.0 = Debug|x64
		{DCC991B9-FF7B-4DB4-80AB-382DBB7FEC34}.Debug|x86.ActiveCfg = Debug|x86
		{DCC991B9-FF7B-4DB4-80AB-382DBB7FEC34}.Debug|x86.Build.0 = Debug|x86
		{DCC991B9-FF7B-4DB4-80AB-382DBB7FEC34}.Debug|x86.Deploy.0 = Debug|x86
		{DCC991B9-FF7B-4DB4-80AB-382DBB7FEC34}.Release|Any CPU.ActiveCfg = Release|x86
		{DCC991B9-FF7B-4DB4-80AB-382DBB7FEC34}.Release|ARM.ActiveCfg = Release|ARM
		{DCC991B9-FF7B-4DB4-80AB-382DBB7FEC34}.Release|ARM.Build.0 = Release|ARM
		{DCC991B9-FF7B-4DB4-80AB-382DBB7FEC34}.Release|ARM.Deploy.0 = Release|ARM
		{DCC991B9-FF7B-4DB4-80AB-382DBB7FEC34}.Release|ARM64.ActiveCfg = Release|ARM64
		{DCC991B9-FF7B-4DB4-80AB-382DBB7FEC34}.Release|ARM64.Build.0 = Release|ARM64
		{DCC991B9-FF7B-4DB4-80AB-382DBB7FEC34}.Release|ARM64.Deploy.0 = Release|ARM64
		{DCC991B9-FF7B-4DB4-80AB-382DBB7FEC34}.Release|x64.ActiveCfg = Release|x64
		{DCC991B9-FF7B-4DB4-80AB-382DBB7FEC34}.Release|x64.Build.0 = Release|x64
		{DCC991B9-FF7B-4DB4-80AB-382DBB7FEC34}.Release|x64.Deploy.0 = Release|x64
		{DCC991B9-FF7B-4DB4-80AB-382DBB7FEC34}.Release|x86.ActiveCfg = Release|x86
		{DCC991B9-FF7B-4DB4-80AB-382DBB7FEC34}.Release|x86.Build.0 = Release|x86
		{DCC991B9-FF7B-4DB4-80AB-382DBB7FEC34}.Release|x86.Deploy.0 = Release|x86
		{46816D66-B2F5-4ED3-9D11-8FE6F65EEA22}.Debug|Any CPU.ActiveCfg = Debug|Any CPU
		{46816D66-B2F5-4ED3-9D11-8FE6F65EEA22}.Debug|Any CPU.Build.0 = Debug|Any CPU
		{46816D66-B2F5-4ED3-9D11-8FE6F65EEA22}.Debug|ARM.ActiveCfg = Debug|Any CPU
		{46816D66-B2F5-4ED3-9D11-8FE6F65EEA22}.Debug|ARM.Build.0 = Debug|Any CPU
		{46816D66-B2F5-4ED3-9D11-8FE6F65EEA22}.Debug|ARM64.ActiveCfg = Debug|Any CPU
		{46816D66-B2F5-4ED3-9D11-8FE6F65EEA22}.Debug|ARM64.Build.0 = Debug|Any CPU
		{46816D66-B2F5-4ED3-9D11-8FE6F65EEA22}.Debug|x64.ActiveCfg = Debug|Any CPU
		{46816D66-B2F5-4ED3-9D11-8FE6F65EEA22}.Debug|x64.Build.0 = Debug|Any CPU
		{46816D66-B2F5-4ED3-9D11-8FE6F65EEA22}.Debug|x86.ActiveCfg = Debug|Any CPU
		{46816D66-B2F5-4ED3-9D11-8FE6F65EEA22}.Debug|x86.Build.0 = Debug|Any CPU
		{46816D66-B2F5-4ED3-9D11-8FE6F65EEA22}.Release|Any CPU.ActiveCfg = Release|Any CPU
		{46816D66-B2F5-4ED3-9D11-8FE6F65EEA22}.Release|Any CPU.Build.0 = Release|Any CPU
		{46816D66-B2F5-4ED3-9D11-8FE6F65EEA22}.Release|ARM.ActiveCfg = Release|Any CPU
		{46816D66-B2F5-4ED3-9D11-8FE6F65EEA22}.Release|ARM.Build.0 = Release|Any CPU
		{46816D66-B2F5-4ED3-9D11-8FE6F65EEA22}.Release|ARM64.ActiveCfg = Release|Any CPU
		{46816D66-B2F5-4ED3-9D11-8FE6F65EEA22}.Release|ARM64.Build.0 = Release|Any CPU
		{46816D66-B2F5-4ED3-9D11-8FE6F65EEA22}.Release|x64.ActiveCfg = Release|Any CPU
		{46816D66-B2F5-4ED3-9D11-8FE6F65EEA22}.Release|x64.Build.0 = Release|Any CPU
		{46816D66-B2F5-4ED3-9D11-8FE6F65EEA22}.Release|x86.ActiveCfg = Release|Any CPU
		{46816D66-B2F5-4ED3-9D11-8FE6F65EEA22}.Release|x86.Build.0 = Release|Any CPU
	EndGlobalSection
	GlobalSection(SolutionProperties) = preSolution
		HideSolutionNode = FALSE
	EndGlobalSection
	GlobalSection(ExtensibilityGlobals) = postSolution
		SolutionGuid = {5C8EB7B1-5FC8-4960-99AC-63178E5FC731}
	EndGlobalSection
EndGlobal
